
Microsoft Visual Studio Solution File, Format Version 12.00
# Visual Studio Version 17
VisualStudioVersion = 17.7.34031.279
MinimumVisualStudioVersion = 10.0.40219.1
Project("{FAE04EC0-301F-11D3-BF4B-00C04F79EFBC}") = "LibraryWebAPI", "LibraryWebAPI.csproj", "{44293B2D-65F2-496D-875F-956E49DD8D90}"
EndProject
Global
	GlobalSection(SolutionConfigurationPlatforms) = preSolution
		Debug|Any CPU = Debug|Any CPU
		Release|Any CPU = Release|Any CPU
	EndGlobalSection
	GlobalSection(ProjectConfigurationPlatforms) = postSolution
		{44293B2D-65F2-496D-875F-956E49DD8D90}.Debug|Any CPU.ActiveCfg = Debug|Any CPU
		{44293B2D-65F2-496D-875F-956E49DD8D90}.Debug|Any CPU.Build.0 = Debug|Any CPU
		{44293B2D-65F2-496D-875F-956E49DD8D90}.Release|Any CPU.ActiveCfg = Release|Any CPU
		{44293B2D-65F2-496D-875F-956E49DD8D90}.Release|Any CPU.Build.0 = Release|Any CPU
	EndGlobalSection
	GlobalSection(SolutionProperties) = preSolution
		HideSolutionNode = FALSE
	EndGlobalSection
	GlobalSection(ExtensibilityGlobals) = postSolution
		SolutionGuid = {8257BA04-4E46-44B6-9833-FD3E76D823F7}
	EndGlobalSection
EndGlobal
